
Microsoft Visual Studio Solution File, Format Version 12.00
# Visual Studio Version 16
VisualStudioVersion = 16.0.29020.237
MinimumVisualStudioVersion = 10.0.40219.1
Project("{FAE04EC0-301F-11D3-BF4B-00C04F79EFBC}") = "TreePlanter", "TreePlanter.csproj", "{8293EB42-8B3F-4DDF-A597-ABB97F0BD53F}"
EndProject
Global
	GlobalSection(SolutionConfigurationPlatforms) = preSolution
		Debug|Any CPU = Debug|Any CPU
		Release|Any CPU = Release|Any CPU
	EndGlobalSection
	GlobalSection(ProjectConfigurationPlatforms) = postSolution
		{8293EB42-8B3F-4DDF-A597-ABB97F0BD53F}.Debug|Any CPU.ActiveCfg = Debug|Any CPU
		{8293EB42-8B3F-4DDF-A597-ABB97F0BD53F}.Debug|Any CPU.Build.0 = Debug|Any CPU
		{8293EB42-8B3F-4DDF-A597-ABB97F0BD53F}.Release|Any CPU.ActiveCfg = Release|Any CPU
		{8293EB42-8B3F-4DDF-A597-ABB97F0BD53F}.Release|Any CPU.Build.0 = Release|Any CPU
	EndGlobalSection
	GlobalSection(SolutionProperties) = preSolution
		HideSolutionNode = FALSE
	EndGlobalSection
	GlobalSection(ExtensibilityGlobals) = postSolution
		SolutionGuid = {661C798A-0474-4647-9CB0-7DEE25751CE3}
	EndGlobalSection
EndGlobal
